{
  "name": "utools-plugin-text2image",
  "version": "v0.0.4",
  "lockfileVersion": 1,
  "requires": true,
  "dependencies": {
    "@types/node": {
      "version": "15.14.3",
      "resolved": "https://registry.npmjs.org/@types/node/-/node-15.14.3.tgz",
      "integrity": "sha512-gliNP92vLGGha1nioYHIIT2WrZ450sxpRgyPCEyog2hMVi6LEbhY/Pkj+EDiGWrCXntZ9lrnE2+lTIlyYtaxCg==",
      "dev": true
    },
    "pinyin-match": {
      "version": "1.1.9",
      "resolved": "https://registry.npmjs.org/pinyin-match/-/pinyin-match-1.1.9.tgz",
      "integrity": "sha512-1kWGZsS6MZ9uSmEke7xEzmj4wZfhehbi4eepns1Kveh84piz06SP7FzZViuZQ003UIZyw9K+YuGazH632HSq8g=="
    },
    "utools-api-types": {
      "version": "2.0.6",
      "resolved": "https://registry.npmjs.org/utools-api-types/-/utools-api-types-2.0.6.tgz",
      "integrity": "sha512-XahJpUEdlraIBJ9VEt26w4JqUQqcXjk+uZvUfyn5MCZj3i2eypMTdC8aRif8obhEPTqgXK5E6ZqJhUl28l+Wfg==",
      "dev": true
    },
    "utools-helper": {
      "version": "2.0.0",
      "resolved": "https://registry.nlark.com/utools-helper/download/utools-helper-2.0.0.tgz?cache=0&sync_timestamp=1624256839035&other_urls=https%3A%2F%2Fregistry.nlark.com%2Futools-helper%2Fdownload%2Futools-helper-2.0.0.tgz",
      "integrity": "sha1-bRSwLIMaySWhxqepTxkGrxHlV1o="
    }
  }
}
